
Microsoft Visual Studio Solution File, Format Version 12.00
# Visual Studio Version 16
VisualStudioVersion = 16.0.29403.142
MinimumVisualStudioVersion = 15.0.26124.0
Project("{2150E333-8FDC-42A3-9474-1A3956D46DE8}") = "src", "src", "{13DC98B6-6FE3-4358-8A68-B751B722E375}"
EndProject
Project("{2150E333-8FDC-42A3-9474-1A3956D46DE8}") = "tests", "tests", "{7464C330-7E0C-474A-9F5E-09DE5654DC9E}"
EndProject
Project("{9A19103F-16F7-4668-BE54-9A1E7A4F7556}") = "AbilitySaleCloud.ApiGateway", "src\AbilitySaleCloud.ApiGateway\AbilitySaleCloud.ApiGateway.csproj", "{D2C568A2-4CEA-489C-A8E1-F9B616EA83F1}"
EndProject
Project("{9A19103F-16F7-4668-BE54-9A1E7A4F7556}") = "AbilitySaleCloud.IdentityService", "src\AbilitySaleCloud.IdentityService\AbilitySaleCloud.IdentityService.csproj", "{30B96E92-A147-47C3-8D85-CF6710548AB6}"
EndProject
Global
	GlobalSection(SolutionConfigurationPlatforms) = preSolution
		Debug|Any CPU = Debug|Any CPU
		Debug|x64 = Debug|x64
		Debug|x86 = Debug|x86
		Release|Any CPU = Release|Any CPU
		Release|x64 = Release|x64
		Release|x86 = Release|x86
	EndGlobalSection
	GlobalSection(ProjectConfigurationPlatforms) = postSolution
		{D2C568A2-4CEA-489C-A8E1-F9B616EA83F1}.Debug|Any CPU.ActiveCfg = Debug|Any CPU
		{D2C568A2-4CEA-489C-A8E1-F9B616EA83F1}.Debug|Any CPU.Build.0 = Debug|Any CPU
		{D2C568A2-4CEA-489C-A8E1-F9B616EA83F1}.Debug|x64.ActiveCfg = Debug|Any CPU
		{D2C568A2-4CEA-489C-A8E1-F9B616EA83F1}.Debug|x64.Build.0 = Debug|Any CPU
		{D2C568A2-4CEA-489C-A8E1-F9B616EA83F1}.Debug|x86.ActiveCfg = Debug|Any CPU
		{D2C568A2-4CEA-489C-A8E1-F9B616EA83F1}.Debug|x86.Build.0 = Debug|Any CPU
		{D2C568A2-4CEA-489C-A8E1-F9B616EA83F1}.Release|Any CPU.ActiveCfg = Release|Any CPU
		{D2C568A2-4CEA-489C-A8E1-F9B616EA83F1}.Release|Any CPU.Build.0 = Release|Any CPU
		{D2C568A2-4CEA-489C-A8E1-F9B616EA83F1}.Release|x64.ActiveCfg = Release|Any CPU
		{D2C568A2-4CEA-489C-A8E1-F9B616EA83F1}.Release|x64.Build.0 = Release|Any CPU
		{D2C568A2-4CEA-489C-A8E1-F9B616EA83F1}.Release|x86.ActiveCfg = Release|Any CPU
		{D2C568A2-4CEA-489C-A8E1-F9B616EA83F1}.Release|x86.Build.0 = Release|Any CPU
		{30B96E92-A147-47C3-8D85-CF6710548AB6}.Debug|Any CPU.ActiveCfg = Debug|Any CPU
		{30B96E92-A147-47C3-8D85-CF6710548AB6}.Debug|Any CPU.Build.0 = Debug|Any CPU
		{30B96E92-A147-47C3-8D85-CF6710548AB6}.Debug|x64.ActiveCfg = Debug|Any CPU
		{30B96E92-A147-47C3-8D85-CF6710548AB6}.Debug|x64.Build.0 = Debug|Any CPU
		{30B96E92-A147-47C3-8D85-CF6710548AB6}.Debug|x86.ActiveCfg = Debug|Any CPU
		{30B96E92-A147-47C3-8D85-CF6710548AB6}.Debug|x86.Build.0 = Debug|Any CPU
		{30B96E92-A147-47C3-8D85-CF6710548AB6}.Release|Any CPU.ActiveCfg = Release|Any CPU
		{30B96E92-A147-47C3-8D85-CF6710548AB6}.Release|Any CPU.Build.0 = Release|Any CPU
		{30B96E92-A147-47C3-8D85-CF6710548AB6}.Release|x64.ActiveCfg = Release|Any CPU
		{30B96E92-A147-47C3-8D85-CF6710548AB6}.Release|x64.Build.0 = Release|Any CPU
		{30B96E92-A147-47C3-8D85-CF6710548AB6}.Release|x86.ActiveCfg = Release|Any CPU
		{30B96E92-A147-47C3-8D85-CF6710548AB6}.Release|x86.Build.0 = Release|Any CPU
	EndGlobalSection
	GlobalSection(SolutionProperties) = preSolution
		HideSolutionNode = FALSE
	EndGlobalSection
	GlobalSection(NestedProjects) = preSolution
		{D2C568A2-4CEA-489C-A8E1-F9B616EA83F1} = {13DC98B6-6FE3-4358-8A68-B751B722E375}
		{30B96E92-A147-47C3-8D85-CF6710548AB6} = {13DC98B6-6FE3-4358-8A68-B751B722E375}
	EndGlobalSection
	GlobalSection(ExtensibilityGlobals) = postSolution
		SolutionGuid = {724288EA-296D-4AC3-B9E3-4A4BD46C39F1}
	EndGlobalSection
EndGlobal
