
Microsoft Visual Studio Solution File, Format Version 12.00
# Visual Studio Version 16
VisualStudioVersion = 16.0.29403.142
MinimumVisualStudioVersion = 15.0.26124.0
Project("{2150E333-8FDC-42A3-9474-1A3956D46DE8}") = "src", "src", "{13DC98B6-6FE3-4358-8A68-B751B722E375}"
EndProject
Project("{2150E333-8FDC-42A3-9474-1A3956D46DE8}") = "tests", "tests", "{7464C330-7E0C-474A-9F5E-09DE5654DC9E}"
EndProject
Project("{9A19103F-16F7-4668-BE54-9A1E7A4F7556}") = "AbilitySaleCloud.Middleware", "src\AbilitySaleCloud.Middleware\AbilitySaleCloud.Middleware.csproj", "{8F224454-0DF4-4C4D-AE48-8F13AE96FE2E}"
EndProject
Project("{FAE04EC0-301F-11D3-BF4B-00C04F79EFBC}") = "AbilitySaleCloud.Identity", "src\AbilitySaleCloud.Identity\AbilitySaleCloud.Identity.csproj", "{37AEE84F-4A06-45AB-8862-DD3AFCF70891}"
EndProject
Global
	GlobalSection(SolutionConfigurationPlatforms) = preSolution
		Debug|Any CPU = Debug|Any CPU
		Debug|x64 = Debug|x64
		Debug|x86 = Debug|x86
		Release|Any CPU = Release|Any CPU
		Release|x64 = Release|x64
		Release|x86 = Release|x86
	EndGlobalSection
	GlobalSection(ProjectConfigurationPlatforms) = postSolution
		{8F224454-0DF4-4C4D-AE48-8F13AE96FE2E}.Debug|Any CPU.ActiveCfg = Debug|Any CPU
		{8F224454-0DF4-4C4D-AE48-8F13AE96FE2E}.Debug|Any CPU.Build.0 = Debug|Any CPU
		{8F224454-0DF4-4C4D-AE48-8F13AE96FE2E}.Debug|x64.ActiveCfg = Debug|Any CPU
		{8F224454-0DF4-4C4D-AE48-8F13AE96FE2E}.Debug|x64.Build.0 = Debug|Any CPU
		{8F224454-0DF4-4C4D-AE48-8F13AE96FE2E}.Debug|x86.ActiveCfg = Debug|Any CPU
		{8F224454-0DF4-4C4D-AE48-8F13AE96FE2E}.Debug|x86.Build.0 = Debug|Any CPU
		{8F224454-0DF4-4C4D-AE48-8F13AE96FE2E}.Release|Any CPU.ActiveCfg = Release|Any CPU
		{8F224454-0DF4-4C4D-AE48-8F13AE96FE2E}.Release|Any CPU.Build.0 = Release|Any CPU
		{8F224454-0DF4-4C4D-AE48-8F13AE96FE2E}.Release|x64.ActiveCfg = Release|Any CPU
		{8F224454-0DF4-4C4D-AE48-8F13AE96FE2E}.Release|x64.Build.0 = Release|Any CPU
		{8F224454-0DF4-4C4D-AE48-8F13AE96FE2E}.Release|x86.ActiveCfg = Release|Any CPU
		{8F224454-0DF4-4C4D-AE48-8F13AE96FE2E}.Release|x86.Build.0 = Release|Any CPU
		{37AEE84F-4A06-45AB-8862-DD3AFCF70891}.Debug|Any CPU.ActiveCfg = Debug|Any CPU
		{37AEE84F-4A06-45AB-8862-DD3AFCF70891}.Debug|Any CPU.Build.0 = Debug|Any CPU
		{37AEE84F-4A06-45AB-8862-DD3AFCF70891}.Debug|x64.ActiveCfg = Debug|Any CPU
		{37AEE84F-4A06-45AB-8862-DD3AFCF70891}.Debug|x64.Build.0 = Debug|Any CPU
		{37AEE84F-4A06-45AB-8862-DD3AFCF70891}.Debug|x86.ActiveCfg = Debug|Any CPU
		{37AEE84F-4A06-45AB-8862-DD3AFCF70891}.Debug|x86.Build.0 = Debug|Any CPU
		{37AEE84F-4A06-45AB-8862-DD3AFCF70891}.Release|Any CPU.ActiveCfg = Release|Any CPU
		{37AEE84F-4A06-45AB-8862-DD3AFCF70891}.Release|Any CPU.Build.0 = Release|Any CPU
		{37AEE84F-4A06-45AB-8862-DD3AFCF70891}.Release|x64.ActiveCfg = Release|Any CPU
		{37AEE84F-4A06-45AB-8862-DD3AFCF70891}.Release|x64.Build.0 = Release|Any CPU
		{37AEE84F-4A06-45AB-8862-DD3AFCF70891}.Release|x86.ActiveCfg = Release|Any CPU
		{37AEE84F-4A06-45AB-8862-DD3AFCF70891}.Release|x86.Build.0 = Release|Any CPU
	EndGlobalSection
	GlobalSection(SolutionProperties) = preSolution
		HideSolutionNode = FALSE
	EndGlobalSection
	GlobalSection(NestedProjects) = preSolution
		{8F224454-0DF4-4C4D-AE48-8F13AE96FE2E} = {13DC98B6-6FE3-4358-8A68-B751B722E375}
		{37AEE84F-4A06-45AB-8862-DD3AFCF70891} = {13DC98B6-6FE3-4358-8A68-B751B722E375}
	EndGlobalSection
	GlobalSection(ExtensibilityGlobals) = postSolution
		SolutionGuid = {724288EA-296D-4AC3-B9E3-4A4BD46C39F1}
	EndGlobalSection
EndGlobal
