{
  "requires": true,
  "lockfileVersion": 1,
  "dependencies": {
    "git-tools": {
      "version": "0.3.0",
      "resolved": "https://registry.npmjs.org/git-tools/-/git-tools-0.3.0.tgz",
      "integrity": "sha512-JnXZgdrG0sJIJd43IA42lzqC2n6EorzPcoHzLY0qCOTlGlyGik9osBvVbewf5Ucs32LCQXzMomRdeHRMIDNlOQ==",
      "requires": {
        "spawnback": "~1.0.0"
      }
    },
    "spawnback": {
      "version": "1.0.0",
      "resolved": "https://registry.npmjs.org/spawnback/-/spawnback-1.0.0.tgz",
      "integrity": "sha1-9zZi9+VNlTZ+ynTWQmxnfdfqaG8="
    }
  }
}
