{
  "requires": true,
  "lockfileVersion": 1,
  "dependencies": {
    "ef": {
      "version": "0.0.3",
      "resolved": "https://registry.npmjs.org/ef/-/ef-0.0.3.tgz",
      "integrity": "sha1-NmZ2bsk/t+iD0feaG2Jo34ykqP4=",
      "requires": {
        "fn-arity": "0.0.1"
      }
    },
    "fn-arity": {
      "version": "0.0.1",
      "resolved": "https://registry.npmjs.org/fn-arity/-/fn-arity-0.0.1.tgz",
      "integrity": "sha1-P7RM8j3mAoLBdxqlKDcTvE2HO+U="
    },
    "git-tools": {
      "version": "0.3.0",
      "resolved": "https://registry.npmjs.org/git-tools/-/git-tools-0.3.0.tgz",
      "integrity": "sha512-JnXZgdrG0sJIJd43IA42lzqC2n6EorzPcoHzLY0qCOTlGlyGik9osBvVbewf5Ucs32LCQXzMomRdeHRMIDNlOQ==",
      "requires": {
        "spawnback": "~1.0.0"
      }
    },
    "spawnback": {
      "version": "1.0.0",
      "resolved": "https://registry.npmjs.org/spawnback/-/spawnback-1.0.0.tgz",
      "integrity": "sha1-9zZi9+VNlTZ+ynTWQmxnfdfqaG8="
    }
  }
}
